
Microsoft Visual Studio Solution File, Format Version 12.00
# Visual Studio Version 17
VisualStudioVersion = 17.4.33205.214
MinimumVisualStudioVersion = 10.0.40219.1
Project("{FAE04EC0-301F-11D3-BF4B-00C04F79EFBC}") = "MonsterTradingCardsGame", "MonsterTradingCardsGame\MonsterTradingCardsGame.csproj", "{B4828024-B352-4305-BA43-1EF6C9B5AB7C}"
EndProject
Global
	GlobalSection(SolutionConfigurationPlatforms) = preSolution
		Debug|Any CPU = Debug|Any CPU
		Release|Any CPU = Release|Any CPU
	EndGlobalSection
	GlobalSection(ProjectConfigurationPlatforms) = postSolution
		{B4828024-B352-4305-BA43-1EF6C9B5AB7C}.Debug|Any CPU.ActiveCfg = Debug|Any CPU
		{B4828024-B352-4305-BA43-1EF6C9B5AB7C}.Debug|Any CPU.Build.0 = Debug|Any CPU
		{B4828024-B352-4305-BA43-1EF6C9B5AB7C}.Release|Any CPU.ActiveCfg = Release|Any CPU
		{B4828024-B352-4305-BA43-1EF6C9B5AB7C}.Release|Any CPU.Build.0 = Release|Any CPU
	EndGlobalSection
	GlobalSection(SolutionProperties) = preSolution
		HideSolutionNode = FALSE
	EndGlobalSection
	GlobalSection(ExtensibilityGlobals) = postSolution
		SolutionGuid = {8B5F5987-57ED-4C03-BB9E-177A119100AD}
	EndGlobalSection
EndGlobal
